
Microsoft Visual Studio Solution File, Format Version 12.00
# Visual Studio Version 16
VisualStudioVersion = 16.0.31313.79
MinimumVisualStudioVersion = 10.0.40219.1
Project("{FAE04EC0-301F-11D3-BF4B-00C04F79EFBC}") = "DemoUWP", "DemoUWP\DemoUWP.csproj", "{2068C9D8-A8D6-45EC-9EB2-3F210C7D5C02}"
EndProject
Project("{FAE04EC0-301F-11D3-BF4B-00C04F79EFBC}") = "DemoUWP.Tests.xUnit", "DemoUWP.Tests.xUnit\DemoUWP.Tests.xUnit.csproj", "{99FF0D0C-0572-466F-BD3F-3E3D69A14B31}"
EndProject
Project("{9A19103F-16F7-4668-BE54-9A1E7A4F7556}") = "DemoUWP.Core", "DemoUWP.Core\DemoUWP.Core.csproj", "{597BF286-EBE9-4999-A7C3-55AB1E2A77B7}"
EndProject
Project("{9A19103F-16F7-4668-BE54-9A1E7A4F7556}") = "DemoUWP.Core.Tests.xUnit", "DemoUWP.Core.Tests.xUnit\DemoUWP.Core.Tests.xUnit.csproj", "{77AE0896-4BEB-4119-A470-77486CAA48BE}"
EndProject
Global
	GlobalSection(SolutionConfigurationPlatforms) = preSolution
		Debug|Any CPU = Debug|Any CPU
		Debug|ARM = Debug|ARM
		Debug|ARM64 = Debug|ARM64
		Debug|x64 = Debug|x64
		Debug|x86 = Debug|x86
		Release|Any CPU = Release|Any CPU
		Release|ARM = Release|ARM
		Release|ARM64 = Release|ARM64
		Release|x64 = Release|x64
		Release|x86 = Release|x86
	EndGlobalSection
	GlobalSection(ProjectConfigurationPlatforms) = postSolution
		{2068C9D8-A8D6-45EC-9EB2-3F210C7D5C02}.Debug|Any CPU.ActiveCfg = Debug|x86
		{2068C9D8-A8D6-45EC-9EB2-3F210C7D5C02}.Debug|ARM.ActiveCfg = Debug|ARM
		{2068C9D8-A8D6-45EC-9EB2-3F210C7D5C02}.Debug|ARM.Build.0 = Debug|ARM
		{2068C9D8-A8D6-45EC-9EB2-3F210C7D5C02}.Debug|ARM.Deploy.0 = Debug|ARM
		{2068C9D8-A8D6-45EC-9EB2-3F210C7D5C02}.Debug|ARM64.ActiveCfg = Debug|ARM64
		{2068C9D8-A8D6-45EC-9EB2-3F210C7D5C02}.Debug|ARM64.Build.0 = Debug|ARM64
		{2068C9D8-A8D6-45EC-9EB2-3F210C7D5C02}.Debug|ARM64.Deploy.0 = Debug|ARM64
		{2068C9D8-A8D6-45EC-9EB2-3F210C7D5C02}.Debug|x64.ActiveCfg = Debug|x64
		{2068C9D8-A8D6-45EC-9EB2-3F210C7D5C02}.Debug|x64.Build.0 = Debug|x64
		{2068C9D8-A8D6-45EC-9EB2-3F210C7D5C02}.Debug|x64.Deploy.0 = Debug|x64
		{2068C9D8-A8D6-45EC-9EB2-3F210C7D5C02}.Debug|x86.ActiveCfg = Debug|x86
		{2068C9D8-A8D6-45EC-9EB2-3F210C7D5C02}.Debug|x86.Build.0 = Debug|x86
		{2068C9D8-A8D6-45EC-9EB2-3F210C7D5C02}.Debug|x86.Deploy.0 = Debug|x86
		{2068C9D8-A8D6-45EC-9EB2-3F210C7D5C02}.Release|Any CPU.ActiveCfg = Release|x86
		{2068C9D8-A8D6-45EC-9EB2-3F210C7D5C02}.Release|ARM.ActiveCfg = Release|ARM
		{2068C9D8-A8D6-45EC-9EB2-3F210C7D5C02}.Release|ARM.Build.0 = Release|ARM
		{2068C9D8-A8D6-45EC-9EB2-3F210C7D5C02}.Release|ARM.Deploy.0 = Release|ARM
		{2068C9D8-A8D6-45EC-9EB2-3F210C7D5C02}.Release|ARM64.ActiveCfg = Release|ARM64
		{2068C9D8-A8D6-45EC-9EB2-3F210C7D5C02}.Release|ARM64.Build.0 = Release|ARM64
		{2068C9D8-A8D6-45EC-9EB2-3F210C7D5C02}.Release|ARM64.Deploy.0 = Release|ARM64
		{2068C9D8-A8D6-45EC-9EB2-3F210C7D5C02}.Release|x64.ActiveCfg = Release|x64
		{2068C9D8-A8D6-45EC-9EB2-3F210C7D5C02}.Release|x64.Build.0 = Release|x64
		{2068C9D8-A8D6-45EC-9EB2-3F210C7D5C02}.Release|x64.Deploy.0 = Release|x64
		{2068C9D8-A8D6-45EC-9EB2-3F210C7D5C02}.Release|x86.ActiveCfg = Release|x86
		{2068C9D8-A8D6-45EC-9EB2-3F210C7D5C02}.Release|x86.Build.0 = Release|x86
		{2068C9D8-A8D6-45EC-9EB2-3F210C7D5C02}.Release|x86.Deploy.0 = Release|x86
		{99FF0D0C-0572-466F-BD3F-3E3D69A14B31}.Debug|Any CPU.ActiveCfg = Debug|x86
		{99FF0D0C-0572-466F-BD3F-3E3D69A14B31}.Debug|ARM.ActiveCfg = Debug|ARM
		{99FF0D0C-0572-466F-BD3F-3E3D69A14B31}.Debug|ARM.Build.0 = Debug|ARM
		{99FF0D0C-0572-466F-BD3F-3E3D69A14B31}.Debug|ARM.Deploy.0 = Debug|ARM
		{99FF0D0C-0572-466F-BD3F-3E3D69A14B31}.Debug|ARM64.ActiveCfg = Debug|x86
		{99FF0D0C-0572-466F-BD3F-3E3D69A14B31}.Debug|x64.ActiveCfg = Debug|x64
		{99FF0D0C-0572-466F-BD3F-3E3D69A14B31}.Debug|x64.Build.0 = Debug|x64
		{99FF0D0C-0572-466F-BD3F-3E3D69A14B31}.Debug|x64.Deploy.0 = Debug|x64
		{99FF0D0C-0572-466F-BD3F-3E3D69A14B31}.Debug|x86.ActiveCfg = Debug|x86
		{99FF0D0C-0572-466F-BD3F-3E3D69A14B31}.Debug|x86.Build.0 = Debug|x86
		{99FF0D0C-0572-466F-BD3F-3E3D69A14B31}.Debug|x86.Deploy.0 = Debug|x86
		{99FF0D0C-0572-466F-BD3F-3E3D69A14B31}.Release|Any CPU.ActiveCfg = Release|x86
		{99FF0D0C-0572-466F-BD3F-3E3D69A14B31}.Release|ARM.ActiveCfg = Release|ARM
		{99FF0D0C-0572-466F-BD3F-3E3D69A14B31}.Release|ARM.Build.0 = Release|ARM
		{99FF0D0C-0572-466F-BD3F-3E3D69A14B31}.Release|ARM.Deploy.0 = Release|ARM
		{99FF0D0C-0572-466F-BD3F-3E3D69A14B31}.Release|ARM64.ActiveCfg = Release|x86
		{99FF0D0C-0572-466F-BD3F-3E3D69A14B31}.Release|x64.ActiveCfg = Release|x64
		{99FF0D0C-0572-466F-BD3F-3E3D69A14B31}.Release|x64.Build.0 = Release|x64
		{99FF0D0C-0572-466F-BD3F-3E3D69A14B31}.Release|x64.Deploy.0 = Release|x64
		{99FF0D0C-0572-466F-BD3F-3E3D69A14B31}.Release|x86.ActiveCfg = Release|x86
		{99FF0D0C-0572-466F-BD3F-3E3D69A14B31}.Release|x86.Build.0 = Release|x86
		{99FF0D0C-0572-466F-BD3F-3E3D69A14B31}.Release|x86.Deploy.0 = Release|x86
		{597BF286-EBE9-4999-A7C3-55AB1E2A77B7}.Debug|Any CPU.ActiveCfg = Debug|Any CPU
		{597BF286-EBE9-4999-A7C3-55AB1E2A77B7}.Debug|Any CPU.Build.0 = Debug|Any CPU
		{597BF286-EBE9-4999-A7C3-55AB1E2A77B7}.Debug|ARM.ActiveCfg = Debug|Any CPU
		{597BF286-EBE9-4999-A7C3-55AB1E2A77B7}.Debug|ARM.Build.0 = Debug|Any CPU
		{597BF286-EBE9-4999-A7C3-55AB1E2A77B7}.Debug|ARM64.ActiveCfg = Debug|Any CPU
		{597BF286-EBE9-4999-A7C3-55AB1E2A77B7}.Debug|ARM64.Build.0 = Debug|Any CPU
		{597BF286-EBE9-4999-A7C3-55AB1E2A77B7}.Debug|x64.ActiveCfg = Debug|Any CPU
		{597BF286-EBE9-4999-A7C3-55AB1E2A77B7}.Debug|x64.Build.0 = Debug|Any CPU
		{597BF286-EBE9-4999-A7C3-55AB1E2A77B7}.Debug|x86.ActiveCfg = Debug|Any CPU
		{597BF286-EBE9-4999-A7C3-55AB1E2A77B7}.Debug|x86.Build.0 = Debug|Any CPU
		{597BF286-EBE9-4999-A7C3-55AB1E2A77B7}.Release|Any CPU.ActiveCfg = Release|Any CPU
		{597BF286-EBE9-4999-A7C3-55AB1E2A77B7}.Release|Any CPU.Build.0 = Release|Any CPU
		{597BF286-EBE9-4999-A7C3-55AB1E2A77B7}.Release|ARM.ActiveCfg = Release|Any CPU
		{597BF286-EBE9-4999-A7C3-55AB1E2A77B7}.Release|ARM.Build.0 = Release|Any CPU
		{597BF286-EBE9-4999-A7C3-55AB1E2A77B7}.Release|ARM64.ActiveCfg = Release|Any CPU
		{597BF286-EBE9-4999-A7C3-55AB1E2A77B7}.Release|ARM64.Build.0 = Release|Any CPU
		{597BF286-EBE9-4999-A7C3-55AB1E2A77B7}.Release|x64.ActiveCfg = Release|Any CPU
		{597BF286-EBE9-4999-A7C3-55AB1E2A77B7}.Release|x64.Build.0 = Release|Any CPU
		{597BF286-EBE9-4999-A7C3-55AB1E2A77B7}.Release|x86.ActiveCfg = Release|Any CPU
		{597BF286-EBE9-4999-A7C3-55AB1E2A77B7}.Release|x86.Build.0 = Release|Any CPU
		{77AE0896-4BEB-4119-A470-77486CAA48BE}.Debug|Any CPU.ActiveCfg = Debug|Any CPU
		{77AE0896-4BEB-4119-A470-77486CAA48BE}.Debug|Any CPU.Build.0 = Debug|Any CPU
		{77AE0896-4BEB-4119-A470-77486CAA48BE}.Debug|ARM.ActiveCfg = Debug|Any CPU
		{77AE0896-4BEB-4119-A470-77486CAA48BE}.Debug|ARM.Build.0 = Debug|Any CPU
		{77AE0896-4BEB-4119-A470-77486CAA48BE}.Debug|ARM64.ActiveCfg = Debug|Any CPU
		{77AE0896-4BEB-4119-A470-77486CAA48BE}.Debug|ARM64.Build.0 = Debug|Any CPU
		{77AE0896-4BEB-4119-A470-77486CAA48BE}.Debug|x64.ActiveCfg = Debug|Any CPU
		{77AE0896-4BEB-4119-A470-77486CAA48BE}.Debug|x64.Build.0 = Debug|Any CPU
		{77AE0896-4BEB-4119-A470-77486CAA48BE}.Debug|x86.ActiveCfg = Debug|Any CPU
		{77AE0896-4BEB-4119-A470-77486CAA48BE}.Debug|x86.Build.0 = Debug|Any CPU
		{77AE0896-4BEB-4119-A470-77486CAA48BE}.Release|Any CPU.ActiveCfg = Release|Any CPU
		{77AE0896-4BEB-4119-A470-77486CAA48BE}.Release|Any CPU.Build.0 = Release|Any CPU
		{77AE0896-4BEB-4119-A470-77486CAA48BE}.Release|ARM.ActiveCfg = Release|Any CPU
		{77AE0896-4BEB-4119-A470-77486CAA48BE}.Release|ARM.Build.0 = Release|Any CPU
		{77AE0896-4BEB-4119-A470-77486CAA48BE}.Release|ARM64.ActiveCfg = Release|Any CPU
		{77AE0896-4BEB-4119-A470-77486CAA48BE}.Release|ARM64.Build.0 = Release|Any CPU
		{77AE0896-4BEB-4119-A470-77486CAA48BE}.Release|x64.ActiveCfg = Release|Any CPU
		{77AE0896-4BEB-4119-A470-77486CAA48BE}.Release|x64.Build.0 = Release|Any CPU
		{77AE0896-4BEB-4119-A470-77486CAA48BE}.Release|x86.ActiveCfg = Release|Any CPU
		{77AE0896-4BEB-4119-A470-77486CAA48BE}.Release|x86.Build.0 = Release|Any CPU
	EndGlobalSection
	GlobalSection(SolutionProperties) = preSolution
		HideSolutionNode = FALSE
	EndGlobalSection
	GlobalSection(ExtensibilityGlobals) = postSolution
		SolutionGuid = {E891D717-63D7-4722-A3FE-7A587801008A}
	EndGlobalSection
EndGlobal
